
Microsoft Visual Studio Solution File, Format Version 12.00
# Visual Studio Version 17
VisualStudioVersion = 17.0.31903.59
MinimumVisualStudioVersion = 10.0.40219.1
Project("{FAE04EC0-301F-11D3-BF4B-00C04F79EFBC}") = "TrieDictionary", "TrieDictionary\TrieDictionary.csproj", "{32DA7933-F0D9-4BD0-8CDB-0F93D623DCDF}"
EndProject
Project("{FAE04EC0-301F-11D3-BF4B-00C04F79EFBC}") = "TrieDictionary.Tests", "TrieDictionary.Tests\TrieDictionary.Tests.csproj", "{75309DB7-01C8-4099-8663-DE64BA63C24A}"
EndProject
Global
	GlobalSection(SolutionConfigurationPlatforms) = preSolution
		Debug|Any CPU = Debug|Any CPU
		Release|Any CPU = Release|Any CPU
	EndGlobalSection
	GlobalSection(SolutionProperties) = preSolution
		HideSolutionNode = FALSE
	EndGlobalSection
	GlobalSection(ProjectConfigurationPlatforms) = postSolution
		{32DA7933-F0D9-4BD0-8CDB-0F93D623DCDF}.Debug|Any CPU.ActiveCfg = Debug|Any CPU
		{32DA7933-F0D9-4BD0-8CDB-0F93D623DCDF}.Debug|Any CPU.Build.0 = Debug|Any CPU
		{32DA7933-F0D9-4BD0-8CDB-0F93D623DCDF}.Release|Any CPU.ActiveCfg = Release|Any CPU
		{32DA7933-F0D9-4BD0-8CDB-0F93D623DCDF}.Release|Any CPU.Build.0 = Release|Any CPU
		{75309DB7-01C8-4099-8663-DE64BA63C24A}.Debug|Any CPU.ActiveCfg = Debug|Any CPU
		{75309DB7-01C8-4099-8663-DE64BA63C24A}.Debug|Any CPU.Build.0 = Debug|Any CPU
		{75309DB7-01C8-4099-8663-DE64BA63C24A}.Release|Any CPU.ActiveCfg = Release|Any CPU
		{75309DB7-01C8-4099-8663-DE64BA63C24A}.Release|Any CPU.Build.0 = Release|Any CPU
	EndGlobalSection
EndGlobal
